// !$*UTF8*$!
{
	archiveVersion = 1;
	classes = {
	};
	objectVersion = 46;
	objects = {

/* Begin PBXAggregateTarget section */
		967A176A1D7C5F4B007652CF /* mogenerator */ = {
			isa = PBXAggregateTarget;
			buildConfigurationList = 967A176B1D7C5F4B007652CF /* Build configuration list for PBXAggregateTarget "mogenerator" */;
			buildPhases = (
				967A17861D7C67A4007652CF /* ShellScript */,
			);
			dependencies = (
			);
			name = mogenerator;
			productName = mongenerator;
		};
/* End PBXAggregateTarget section */

/* Begin PBXBuildFile section */
		9641D9741D8526450005D286 /* VersionMigrationManager.swift in Sources */ = {isa = PBXBuildFile; fileRef = 9641D9731D8526450005D286 /* VersionMigrationManager.swift */; };
		9641D9761D852B120005D286 /* MultiDBMigrationWrapper.swift in Sources */ = {isa = PBXBuildFile; fileRef = 9641D9751D852B120005D286 /* MultiDBMigrationWrapper.swift */; };
		9641D9781D852BD80005D286 /* CustomDataBaseInfo.swift in Sources */ = {isa = PBXBuildFile; fileRef = 9641D9771D852BD80005D286 /* CustomDataBaseInfo.swift */; };
		9641D97C1D85395F0005D286 /* CustomMultiDBMigrationManager.swift in Sources */ = {isa = PBXBuildFile; fileRef = 9641D97B1D85395F0005D286 /* CustomMultiDBMigrationManager.swift */; };
		9641D9891D854E420005D286 /* ServerV0ToV1MappingModel.xcmappingmodel in Sources */ = {isa = PBXBuildFile; fileRef = 9641D9881D854E420005D286 /* ServerV0ToV1MappingModel.xcmappingmodel */; };
		9641D9961D8585E30005D286 /* ServerV0ToV1IssueMappingPolicy.swift in Sources */ = {isa = PBXBuildFile; fileRef = 9641D9951D8585E30005D286 /* ServerV0ToV1IssueMappingPolicy.swift */; };
		967A17451D7C5BC9007652CF /* AppDelegate.swift in Sources */ = {isa = PBXBuildFile; fileRef = 967A17441D7C5BC9007652CF /* AppDelegate.swift */; };
		967A17471D7C5BC9007652CF /* ViewController.swift in Sources */ = {isa = PBXBuildFile; fileRef = 967A17461D7C5BC9007652CF /* ViewController.swift */; };
		967A174A1D7C5BC9007652CF /* Main.storyboard in Resources */ = {isa = PBXBuildFile; fileRef = 967A17481D7C5BC9007652CF /* Main.storyboard */; };
		967A174C1D7C5BC9007652CF /* Assets.xcassets in Resources */ = {isa = PBXBuildFile; fileRef = 967A174B1D7C5BC9007652CF /* Assets.xcassets */; };
		967A174F1D7C5BC9007652CF /* LaunchScreen.storyboard in Resources */ = {isa = PBXBuildFile; fileRef = 967A174D1D7C5BC9007652CF /* LaunchScreen.storyboard */; };
		967A175A1D7C5BC9007652CF /* CoreDataMultiDBMigrationTests.swift in Sources */ = {isa = PBXBuildFile; fileRef = 967A17591D7C5BC9007652CF /* CoreDataMultiDBMigrationTests.swift */; };
		967A17941D7C69EF007652CF /* Server.xcdatamodeld in Sources */ = {isa = PBXBuildFile; fileRef = 967A17921D7C69EF007652CF /* Server.xcdatamodeld */; };
		967A17971D7C6A3F007652CF /* _Comment.swift in Sources */ = {isa = PBXBuildFile; fileRef = 967A17951D7C6A3F007652CF /* _Comment.swift */; };
		967A17981D7C6A3F007652CF /* _Issue.swift in Sources */ = {isa = PBXBuildFile; fileRef = 967A17961D7C6A3F007652CF /* _Issue.swift */; };
		967A179B1D7C6A48007652CF /* Comment.swift in Sources */ = {isa = PBXBuildFile; fileRef = 967A17991D7C6A48007652CF /* Comment.swift */; };
		967A179C1D7C6A48007652CF /* Issue.swift in Sources */ = {isa = PBXBuildFile; fileRef = 967A179A1D7C6A48007652CF /* Issue.swift */; };
		967A179E1D7C6BF5007652CF /* CoreDataStack.swift in Sources */ = {isa = PBXBuildFile; fileRef = 967A179D1D7C6BF5007652CF /* CoreDataStack.swift */; };
		968D07F61D7DB83A002480F2 /* Local.xcdatamodeld in Sources */ = {isa = PBXBuildFile; fileRef = 968D07F41D7DB83A002480F2 /* Local.xcdatamodeld */; };
		96A897711D7F0F5C006B5A32 /* _Role.swift in Sources */ = {isa = PBXBuildFile; fileRef = 96A897701D7F0F5C006B5A32 /* _Role.swift */; };
		96A897731D7F0F67006B5A32 /* Role.swift in Sources */ = {isa = PBXBuildFile; fileRef = 96A897721D7F0F67006B5A32 /* Role.swift */; };
		96A897751D7F0F94006B5A32 /* _User.swift in Sources */ = {isa = PBXBuildFile; fileRef = 96A897741D7F0F94006B5A32 /* _User.swift */; };
		96A897771D7F0F9A006B5A32 /* User.swift in Sources */ = {isa = PBXBuildFile; fileRef = 96A897761D7F0F9A006B5A32 /* User.swift */; };
		96A897811D7F1D5B006B5A32 /* Local.sqlite in Resources */ = {isa = PBXBuildFile; fileRef = 96A8977B1D7F1D5B006B5A32 /* Local.sqlite */; };
		96A897821D7F1D5B006B5A32 /* Local.sqlite-shm in Resources */ = {isa = PBXBuildFile; fileRef = 96A8977C1D7F1D5B006B5A32 /* Local.sqlite-shm */; };
		96A897831D7F1D5B006B5A32 /* Local.sqlite-wal in Resources */ = {isa = PBXBuildFile; fileRef = 96A8977D1D7F1D5B006B5A32 /* Local.sqlite-wal */; };
		96A897841D7F1D5B006B5A32 /* server.sqlite in Resources */ = {isa = PBXBuildFile; fileRef = 96A8977E1D7F1D5B006B5A32 /* server.sqlite */; };
		96A897851D7F1D5B006B5A32 /* server.sqlite-shm in Resources */ = {isa = PBXBuildFile; fileRef = 96A8977F1D7F1D5B006B5A32 /* server.sqlite-shm */; };
		96A897861D7F1D5B006B5A32 /* server.sqlite-wal in Resources */ = {isa = PBXBuildFile; fileRef = 96A897801D7F1D5B006B5A32 /* server.sqlite-wal */; };
/* End PBXBuildFile section */

/* Begin PBXContainerItemProxy section */
		967A17561D7C5BC9007652CF /* PBXContainerItemProxy */ = {
			isa = PBXContainerItemProxy;
			containerPortal = 967A17391D7C5BC9007652CF /* Project object */;
			proxyType = 1;
			remoteGlobalIDString = 967A17401D7C5BC9007652CF;
			remoteInfo = CoreDataMultiDBMigration;
		};
/* End PBXContainerItemProxy section */

/* Begin PBXFileReference section */
		9641D9731D8526450005D286 /* VersionMigrationManager.swift */ = {isa = PBXFileReference; fileEncoding = 4; lastKnownFileType = sourcecode.swift; path = VersionMigrationManager.swift; sourceTree = "<group>"; };
		9641D9751D852B120005D286 /* MultiDBMigrationWrapper.swift */ = {isa = PBXFileReference; fileEncoding = 4; lastKnownFileType = sourcecode.swift; path = MultiDBMigrationWrapper.swift; sourceTree = "<group>"; };
		9641D9771D852BD80005D286 /* CustomDataBaseInfo.swift */ = {isa = PBXFileReference; fileEncoding = 4; lastKnownFileType = sourcecode.swift; path = CustomDataBaseInfo.swift; sourceTree = "<group>"; };
		9641D97B1D85395F0005D286 /* CustomMultiDBMigrationManager.swift */ = {isa = PBXFileReference; fileEncoding = 4; lastKnownFileType = sourcecode.swift; path = CustomMultiDBMigrationManager.swift; sourceTree = "<group>"; };
		9641D9881D854E420005D286 /* ServerV0ToV1MappingModel.xcmappingmodel */ = {isa = PBXFileReference; lastKnownFileType = wrapper.xcmappingmodel; path = ServerV0ToV1MappingModel.xcmappingmodel; sourceTree = "<group>"; };
		9641D9951D8585E30005D286 /* ServerV0ToV1IssueMappingPolicy.swift */ = {isa = PBXFileReference; fileEncoding = 4; lastKnownFileType = sourcecode.swift; path = ServerV0ToV1IssueMappingPolicy.swift; sourceTree = "<group>"; };
		967A17411D7C5BC9007652CF /* CoreDataMultiDBMigration.app */ = {isa = PBXFileReference; explicitFileType = wrapper.application; includeInIndex = 0; path = CoreDataMultiDBMigration.app; sourceTree = BUILT_PRODUCTS_DIR; };
		967A17441D7C5BC9007652CF /* AppDelegate.swift */ = {isa = PBXFileReference; lastKnownFileType = sourcecode.swift; path = AppDelegate.swift; sourceTree = "<group>"; };
		967A17461D7C5BC9007652CF /* ViewController.swift */ = {isa = PBXFileReference; lastKnownFileType = sourcecode.swift; path = ViewController.swift; sourceTree = "<group>"; };
		967A17491D7C5BC9007652CF /* Base */ = {isa = PBXFileReference; lastKnownFileType = file.storyboard; name = Base; path = Base.lproj/Main.storyboard; sourceTree = "<group>"; };
		967A174B1D7C5BC9007652CF /* Assets.xcassets */ = {isa = PBXFileReference; lastKnownFileType = folder.assetcatalog; path = Assets.xcassets; sourceTree = "<group>"; };
		967A174E1D7C5BC9007652CF /* Base */ = {isa = PBXFileReference; lastKnownFileType = file.storyboard; name = Base; path = Base.lproj/LaunchScreen.storyboard; sourceTree = "<group>"; };
		967A17501D7C5BC9007652CF /* Info.plist */ = {isa = PBXFileReference; lastKnownFileType = text.plist.xml; path = Info.plist; sourceTree = "<group>"; };
		967A17551D7C5BC9007652CF /* CoreDataMultiDBMigrationTests.xctest */ = {isa = PBXFileReference; explicitFileType = wrapper.cfbundle; includeInIndex = 0; path = CoreDataMultiDBMigrationTests.xctest; sourceTree = BUILT_PRODUCTS_DIR; };
		967A17591D7C5BC9007652CF /* CoreDataMultiDBMigrationTests.swift */ = {isa = PBXFileReference; lastKnownFileType = sourcecode.swift; path = CoreDataMultiDBMigrationTests.swift; sourceTree = "<group>"; };
		967A175B1D7C5BC9007652CF /* Info.plist */ = {isa = PBXFileReference; lastKnownFileType = text.plist.xml; path = Info.plist; sourceTree = "<group>"; };
		967A17931D7C69EF007652CF /* Server.xcdatamodel */ = {isa = PBXFileReference; lastKnownFileType = wrapper.xcdatamodel; path = Server.xcdatamodel; sourceTree = "<group>"; };
		967A17951D7C6A3F007652CF /* _Comment.swift */ = {isa = PBXFileReference; fileEncoding = 4; lastKnownFileType = sourcecode.swift; path = _Comment.swift; sourceTree = "<group>"; };
		967A17961D7C6A3F007652CF /* _Issue.swift */ = {isa = PBXFileReference; fileEncoding = 4; lastKnownFileType = sourcecode.swift; path = _Issue.swift; sourceTree = "<group>"; };
		967A17991D7C6A48007652CF /* Comment.swift */ = {isa = PBXFileReference; fileEncoding = 4; lastKnownFileType = sourcecode.swift; path = Comment.swift; sourceTree = "<group>"; };
		967A179A1D7C6A48007652CF /* Issue.swift */ = {isa = PBXFileReference; fileEncoding = 4; lastKnownFileType = sourcecode.swift; path = Issue.swift; sourceTree = "<group>"; };
		967A179D1D7C6BF5007652CF /* CoreDataStack.swift */ = {isa = PBXFileReference; fileEncoding = 4; lastKnownFileType = sourcecode.swift; path = CoreDataStack.swift; sourceTree = "<group>"; };
		968D07F51D7DB83A002480F2 /* Local.xcdatamodel */ = {isa = PBXFileReference; lastKnownFileType = wrapper.xcdatamodel; path = Local.xcdatamodel; sourceTree = "<group>"; };
		96A897701D7F0F5C006B5A32 /* _Role.swift */ = {isa = PBXFileReference; fileEncoding = 4; lastKnownFileType = sourcecode.swift; path = _Role.swift; sourceTree = "<group>"; };
		96A897721D7F0F67006B5A32 /* Role.swift */ = {isa = PBXFileReference; fileEncoding = 4; lastKnownFileType = sourcecode.swift; path = Role.swift; sourceTree = "<group>"; };
		96A897741D7F0F94006B5A32 /* _User.swift */ = {isa = PBXFileReference; fileEncoding = 4; lastKnownFileType = sourcecode.swift; path = _User.swift; sourceTree = "<group>"; };
		96A897761D7F0F9A006B5A32 /* User.swift */ = {isa = PBXFileReference; fileEncoding = 4; lastKnownFileType = sourcecode.swift; path = User.swift; sourceTree = "<group>"; };
		96A897781D7F1842006B5A32 /* Server_V1.xcdatamodel */ = {isa = PBXFileReference; lastKnownFileType = wrapper.xcdatamodel; path = Server_V1.xcdatamodel; sourceTree = "<group>"; };
		96A897791D7F191E006B5A32 /* Local_V1.xcdatamodel */ = {isa = PBXFileReference; lastKnownFileType = wrapper.xcdatamodel; path = Local_V1.xcdatamodel; sourceTree = "<group>"; };
		96A8977B1D7F1D5B006B5A32 /* Local.sqlite */ = {isa = PBXFileReference; lastKnownFileType = file; path = Local.sqlite; sourceTree = "<group>"; };
		96A8977C1D7F1D5B006B5A32 /* Local.sqlite-shm */ = {isa = PBXFileReference; lastKnownFileType = file; path = "Local.sqlite-shm"; sourceTree = "<group>"; };
		96A8977D1D7F1D5B006B5A32 /* Local.sqlite-wal */ = {isa = PBXFileReference; lastKnownFileType = file; path = "Local.sqlite-wal"; sourceTree = "<group>"; };
		96A8977E1D7F1D5B006B5A32 /* server.sqlite */ = {isa = PBXFileReference; lastKnownFileType = file; path = server.sqlite; sourceTree = "<group>"; };
		96A8977F1D7F1D5B006B5A32 /* server.sqlite-shm */ = {isa = PBXFileReference; lastKnownFileType = file; path = "server.sqlite-shm"; sourceTree = "<group>"; };
		96A897801D7F1D5B006B5A32 /* server.sqlite-wal */ = {isa = PBXFileReference; lastKnownFileType = file; path = "server.sqlite-wal"; sourceTree = "<group>"; };
/* End PBXFileReference section */

/* Begin PBXFrameworksBuildPhase section */
		967A173E1D7C5BC9007652CF /* Frameworks */ = {
			isa = PBXFrameworksBuildPhase;
			buildActionMask = 2147483647;
			files = (
			);
			runOnlyForDeploymentPostprocessing = 0;
		};
		967A17521D7C5BC9007652CF /* Frameworks */ = {
			isa = PBXFrameworksBuildPhase;
			buildActionMask = 2147483647;
			files = (
			);
			runOnlyForDeploymentPostprocessing = 0;
		};
/* End PBXFrameworksBuildPhase section */

/* Begin PBXGroup section */
		961320D11D814B4F007779D5 /* Migration */ = {
			isa = PBXGroup;
			children = (
				9641D9791D8531470005D286 /* Common */,
				9641D97A1D8531690005D286 /* Custom */,
			);
			path = Migration;
			sourceTree = "<group>";
		};
		9641D9791D8531470005D286 /* Common */ = {
			isa = PBXGroup;
			children = (
				9641D9731D8526450005D286 /* VersionMigrationManager.swift */,
				9641D9751D852B120005D286 /* MultiDBMigrationWrapper.swift */,
			);
			name = Common;
			sourceTree = "<group>";
		};
		9641D97A1D8531690005D286 /* Custom */ = {
			isa = PBXGroup;
			children = (
				9641D9771D852BD80005D286 /* CustomDataBaseInfo.swift */,
				9641D97B1D85395F0005D286 /* CustomMultiDBMigrationManager.swift */,
			);
			name = Custom;
			sourceTree = "<group>";
		};
		9641D9971D858AB90005D286 /* Server */ = {
			isa = PBXGroup;
			children = (
				9641D9991D858AE70005D286 /* V0ToV1 */,
				967A17921D7C69EF007652CF /* Server.xcdatamodeld */,
			);
			name = Server;
			sourceTree = "<group>";
		};
		9641D9981D858AC30005D286 /* Local */ = {
			isa = PBXGroup;
			children = (
				9641D99A1D858AF80005D286 /* V0ToV1 */,
				968D07F41D7DB83A002480F2 /* Local.xcdatamodeld */,
			);
			name = Local;
			sourceTree = "<group>";
		};
		9641D9991D858AE70005D286 /* V0ToV1 */ = {
			isa = PBXGroup;
			children = (
				9641D9951D8585E30005D286 /* ServerV0ToV1IssueMappingPolicy.swift */,
				9641D9881D854E420005D286 /* ServerV0ToV1MappingModel.xcmappingmodel */,
			);
			name = V0ToV1;
			sourceTree = "<group>";
		};
		9641D99A1D858AF80005D286 /* V0ToV1 */ = {
			isa = PBXGroup;
			children = (
			);
			name = V0ToV1;
			sourceTree = "<group>";
		};
		967A17381D7C5BC9007652CF = {
			isa = PBXGroup;
			children = (
				967A17431D7C5BC9007652CF /* CoreDataMultiDBMigration */,
				967A17581D7C5BC9007652CF /* CoreDataMultiDBMigrationTests */,
				967A17421D7C5BC9007652CF /* Products */,
			);
			sourceTree = "<group>";
		};
		967A17421D7C5BC9007652CF /* Products */ = {
			isa = PBXGroup;
			children = (
				967A17411D7C5BC9007652CF /* CoreDataMultiDBMigration.app */,
				967A17551D7C5BC9007652CF /* CoreDataMultiDBMigrationTests.xctest */,
			);
			name = Products;
			sourceTree = "<group>";
		};
		967A17431D7C5BC9007652CF /* CoreDataMultiDBMigration */ = {
			isa = PBXGroup;
			children = (
				967A17911D7C69EF007652CF /* Model */,
				967A176E1D7C6106007652CF /* CoreData */,
				967A17441D7C5BC9007652CF /* AppDelegate.swift */,
				967A17461D7C5BC9007652CF /* ViewController.swift */,
				967A17481D7C5BC9007652CF /* Main.storyboard */,
				967A174B1D7C5BC9007652CF /* Assets.xcassets */,
				967A174D1D7C5BC9007652CF /* LaunchScreen.storyboard */,
				967A17501D7C5BC9007652CF /* Info.plist */,
			);
			path = CoreDataMultiDBMigration;
			sourceTree = "<group>";
		};
		967A17581D7C5BC9007652CF /* CoreDataMultiDBMigrationTests */ = {
			isa = PBXGroup;
			children = (
				96A8977A1D7F1D17006B5A32 /* Data1.0 */,
				967A17591D7C5BC9007652CF /* CoreDataMultiDBMigrationTests.swift */,
				967A175B1D7C5BC9007652CF /* Info.plist */,
			);
			path = CoreDataMultiDBMigrationTests;
			sourceTree = "<group>";
		};
		967A176E1D7C6106007652CF /* CoreData */ = {
			isa = PBXGroup;
			children = (
				967A179D1D7C6BF5007652CF /* CoreDataStack.swift */,
				967A17871D7C6985007652CF /* Human */,
				967A178A1D7C6985007652CF /* Machine */,
				961320D11D814B4F007779D5 /* Migration */,
			);
			path = CoreData;
			sourceTree = "<group>";
		};
		967A17871D7C6985007652CF /* Human */ = {
			isa = PBXGroup;
			children = (
				96A897761D7F0F9A006B5A32 /* User.swift */,
				96A897721D7F0F67006B5A32 /* Role.swift */,
				967A17991D7C6A48007652CF /* Comment.swift */,
				967A179A1D7C6A48007652CF /* Issue.swift */,
			);
			path = Human;
			sourceTree = "<group>";
		};
		967A178A1D7C6985007652CF /* Machine */ = {
			isa = PBXGroup;
			children = (
				96A897741D7F0F94006B5A32 /* _User.swift */,
				96A897701D7F0F5C006B5A32 /* _Role.swift */,
				967A17951D7C6A3F007652CF /* _Comment.swift */,
				967A17961D7C6A3F007652CF /* _Issue.swift */,
			);
			path = Machine;
			sourceTree = "<group>";
		};
		967A17911D7C69EF007652CF /* Model */ = {
			isa = PBXGroup;
			children = (
				9641D9981D858AC30005D286 /* Local */,
				9641D9971D858AB90005D286 /* Server */,
			);
			path = Model;
			sourceTree = "<group>";
		};
		96A8977A1D7F1D17006B5A32 /* Data1.0 */ = {
			isa = PBXGroup;
			children = (
				96A8977B1D7F1D5B006B5A32 /* Local.sqlite */,
				96A8977C1D7F1D5B006B5A32 /* Local.sqlite-shm */,
				96A8977D1D7F1D5B006B5A32 /* Local.sqlite-wal */,
				96A8977E1D7F1D5B006B5A32 /* server.sqlite */,
				96A8977F1D7F1D5B006B5A32 /* server.sqlite-shm */,
				96A897801D7F1D5B006B5A32 /* server.sqlite-wal */,
			);
			path = Data1.0;
			sourceTree = "<group>";
		};
/* End PBXGroup section */

/* Begin PBXNativeTarget section */
		967A17401D7C5BC9007652CF /* CoreDataMultiDBMigration */ = {
			isa = PBXNativeTarget;
			buildConfigurationList = 967A175E1D7C5BC9007652CF /* Build configuration list for PBXNativeTarget "CoreDataMultiDBMigration" */;
			buildPhases = (
				967A173D1D7C5BC9007652CF /* Sources */,
				967A173E1D7C5BC9007652CF /* Frameworks */,
				967A173F1D7C5BC9007652CF /* Resources */,
			);
			buildRules = (
			);
			dependencies = (
			);
			name = CoreDataMultiDBMigration;
			productName = CoreDataMultiDBMigration;
			productReference = 967A17411D7C5BC9007652CF /* CoreDataMultiDBMigration.app */;
			productType = "com.apple.product-type.application";
		};
		967A17541D7C5BC9007652CF /* CoreDataMultiDBMigrationTests */ = {
			isa = PBXNativeTarget;
			buildConfigurationList = 967A17611D7C5BC9007652CF /* Build configuration list for PBXNativeTarget "CoreDataMultiDBMigrationTests" */;
			buildPhases = (
				967A17511D7C5BC9007652CF /* Sources */,
				967A17521D7C5BC9007652CF /* Frameworks */,
				967A17531D7C5BC9007652CF /* Resources */,
			);
			buildRules = (
			);
			dependencies = (
				967A17571D7C5BC9007652CF /* PBXTargetDependency */,
			);
			name = CoreDataMultiDBMigrationTests;
			productName = CoreDataMultiDBMigrationTests;
			productReference = 967A17551D7C5BC9007652CF /* CoreDataMultiDBMigrationTests.xctest */;
			productType = "com.apple.product-type.bundle.unit-test";
		};
/* End PBXNativeTarget section */

/* Begin PBXProject section */
		967A17391D7C5BC9007652CF /* Project object */ = {
			isa = PBXProject;
			attributes = {
				LastSwiftUpdateCheck = 0730;
				LastUpgradeCheck = 0730;
				ORGANIZATIONNAME = Jason.zhang;
				TargetAttributes = {
					967A17401D7C5BC9007652CF = {
						CreatedOnToolsVersion = 7.3.1;
					};
					967A17541D7C5BC9007652CF = {
						CreatedOnToolsVersion = 7.3.1;
						TestTargetID = 967A17401D7C5BC9007652CF;
					};
					967A176A1D7C5F4B007652CF = {
						CreatedOnToolsVersion = 7.3.1;
					};
				};
			};
			buildConfigurationList = 967A173C1D7C5BC9007652CF /* Build configuration list for PBXProject "CoreDataMultiDBMigration" */;
			compatibilityVersion = "Xcode 3.2";
			developmentRegion = English;
			hasScannedForEncodings = 0;
			knownRegions = (
				en,
				Base,
			);
			mainGroup = 967A17381D7C5BC9007652CF;
			productRefGroup = 967A17421D7C5BC9007652CF /* Products */;
			projectDirPath = "";
			projectRoot = "";
			targets = (
				967A17401D7C5BC9007652CF /* CoreDataMultiDBMigration */,
				967A17541D7C5BC9007652CF /* CoreDataMultiDBMigrationTests */,
				967A176A1D7C5F4B007652CF /* mogenerator */,
			);
		};
/* End PBXProject section */

/* Begin PBXResourcesBuildPhase section */
		967A173F1D7C5BC9007652CF /* Resources */ = {
			isa = PBXResourcesBuildPhase;
			buildActionMask = 2147483647;
			files = (
				967A174F1D7C5BC9007652CF /* LaunchScreen.storyboard in Resources */,
				96A897821D7F1D5B006B5A32 /* Local.sqlite-shm in Resources */,
				967A174C1D7C5BC9007652CF /* Assets.xcassets in Resources */,
				967A174A1D7C5BC9007652CF /* Main.storyboard in Resources */,
				96A897841D7F1D5B006B5A32 /* server.sqlite in Resources */,
				96A897861D7F1D5B006B5A32 /* server.sqlite-wal in Resources */,
				96A897851D7F1D5B006B5A32 /* server.sqlite-shm in Resources */,
				96A897831D7F1D5B006B5A32 /* Local.sqlite-wal in Resources */,
				96A897811D7F1D5B006B5A32 /* Local.sqlite in Resources */,
			);
			runOnlyForDeploymentPostprocessing = 0;
		};
		967A17531D7C5BC9007652CF /* Resources */ = {
			isa = PBXResourcesBuildPhase;
			buildActionMask = 2147483647;
			files = (
			);
			runOnlyForDeploymentPostprocessing = 0;
		};
/* End PBXResourcesBuildPhase section */

/* Begin PBXShellScriptBuildPhase section */
		967A17861D7C67A4007652CF /* ShellScript */ = {
			isa = PBXShellScriptBuildPhase;
			buildActionMask = 2147483647;
			files = (
			);
			inputPaths = (
			);
			outputPaths = (
			);
			runOnlyForDeploymentPostprocessing = 0;
			shellPath = /bin/sh;
			shellScript = "/usr/local/bin/mogenerator -v2 -m CoreDataMultiDBMigration/Model/Server.xcdatamodeld/Server_V1.xcdatamodel  -M CoreDataMultiDBMigration/CoreData/Machine/ -H CoreDataMultiDBMigration/CoreData/Human/  --swift --template-var arc=true\n/usr/local/bin/mogenerator -v2 -m CoreDataMultiDBMigration/Model/Local.xcdatamodeld/Local_V1.xcdatamodel  -M CoreDataMultiDBMigration/CoreData/Machine/ -H CoreDataMultiDBMigration/CoreData/Human/  --swift --template-var arc=true";
		};
/* End PBXShellScriptBuildPhase section */

/* Begin PBXSourcesBuildPhase section */
		967A173D1D7C5BC9007652CF /* Sources */ = {
			isa = PBXSourcesBuildPhase;
			buildActionMask = 2147483647;
			files = (
				96A897771D7F0F9A006B5A32 /* User.swift in Sources */,
				9641D9961D8585E30005D286 /* ServerV0ToV1IssueMappingPolicy.swift in Sources */,
				96A897751D7F0F94006B5A32 /* _User.swift in Sources */,
				967A17471D7C5BC9007652CF /* ViewController.swift in Sources */,
				9641D9761D852B120005D286 /* MultiDBMigrationWrapper.swift in Sources */,
				96A897731D7F0F67006B5A32 /* Role.swift in Sources */,
				967A179C1D7C6A48007652CF /* Issue.swift in Sources */,
				9641D97C1D85395F0005D286 /* CustomMultiDBMigrationManager.swift in Sources */,
				967A179B1D7C6A48007652CF /* Comment.swift in Sources */,
				968D07F61D7DB83A002480F2 /* Local.xcdatamodeld in Sources */,
				967A17941D7C69EF007652CF /* Server.xcdatamodeld in Sources */,
				967A17451D7C5BC9007652CF /* AppDelegate.swift in Sources */,
				967A17971D7C6A3F007652CF /* _Comment.swift in Sources */,
				967A17981D7C6A3F007652CF /* _Issue.swift in Sources */,
				9641D9781D852BD80005D286 /* CustomDataBaseInfo.swift in Sources */,
				9641D9741D8526450005D286 /* VersionMigrationManager.swift in Sources */,
				9641D9891D854E420005D286 /* ServerV0ToV1MappingModel.xcmappingmodel in Sources */,
				967A179E1D7C6BF5007652CF /* CoreDataStack.swift in Sources */,
				96A897711D7F0F5C006B5A32 /* _Role.swift in Sources */,
			);
			runOnlyForDeploymentPostprocessing = 0;
		};
		967A17511D7C5BC9007652CF /* Sources */ = {
			isa = PBXSourcesBuildPhase;
			buildActionMask = 2147483647;
			files = (
				967A175A1D7C5BC9007652CF /* CoreDataMultiDBMigrationTests.swift in Sources */,
			);
			runOnlyForDeploymentPostprocessing = 0;
		};
/* End PBXSourcesBuildPhase section */

/* Begin PBXTargetDependency section */
		967A17571D7C5BC9007652CF /* PBXTargetDependency */ = {
			isa = PBXTargetDependency;
			target = 967A17401D7C5BC9007652CF /* CoreDataMultiDBMigration */;
			targetProxy = 967A17561D7C5BC9007652CF /* PBXContainerItemProxy */;
		};
/* End PBXTargetDependency section */

/* Begin PBXVariantGroup section */
		967A17481D7C5BC9007652CF /* Main.storyboard */ = {
			isa = PBXVariantGroup;
			children = (
				967A17491D7C5BC9007652CF /* Base */,
			);
			name = Main.storyboard;
			sourceTree = "<group>";
		};
		967A174D1D7C5BC9007652CF /* LaunchScreen.storyboard */ = {
			isa = PBXVariantGroup;
			children = (
				967A174E1D7C5BC9007652CF /* Base */,
			);
			name = LaunchScreen.storyboard;
			sourceTree = "<group>";
		};
/* End PBXVariantGroup section */

/* Begin XCBuildConfiguration section */
		967A175C1D7C5BC9007652CF /* Debug */ = {
			isa = XCBuildConfiguration;
			buildSettings = {
				ALWAYS_SEARCH_USER_PATHS = NO;
				CLANG_ANALYZER_NONNULL = YES;
				CLANG_CXX_LANGUAGE_STANDARD = "gnu++0x";
				CLANG_CXX_LIBRARY = "libc++";
				CLANG_ENABLE_MODULES = YES;
				CLANG_ENABLE_OBJC_ARC = YES;
				CLANG_WARN_BOOL_CONVERSION = YES;
				CLANG_WARN_CONSTANT_CONVERSION = YES;
				CLANG_WARN_DIRECT_OBJC_ISA_USAGE = YES_ERROR;
				CLANG_WARN_EMPTY_BODY = YES;
				CLANG_WARN_ENUM_CONVERSION = YES;
				CLANG_WARN_INT_CONVERSION = YES;
				CLANG_WARN_OBJC_ROOT_CLASS = YES_ERROR;
				CLANG_WARN_UNREACHABLE_CODE = YES;
				CLANG_WARN__DUPLICATE_METHOD_MATCH = YES;
				"CODE_SIGN_IDENTITY[sdk=iphoneos*]" = "iPhone Developer";
				COPY_PHASE_STRIP = NO;
				DEBUG_INFORMATION_FORMAT = dwarf;
				ENABLE_STRICT_OBJC_MSGSEND = YES;
				ENABLE_TESTABILITY = YES;
				GCC_C_LANGUAGE_STANDARD = gnu99;
				GCC_DYNAMIC_NO_PIC = NO;
				GCC_NO_COMMON_BLOCKS = YES;
				GCC_OPTIMIZATION_LEVEL = 0;
				GCC_PREPROCESSOR_DEFINITIONS = (
					"DEBUG=1",
					"$(inherited)",
				);
				GCC_WARN_64_TO_32_BIT_CONVERSION = YES;
				GCC_WARN_ABOUT_RETURN_TYPE = YES_ERROR;
				GCC_WARN_UNDECLARED_SELECTOR = YES;
				GCC_WARN_UNINITIALIZED_AUTOS = YES_AGGRESSIVE;
				GCC_WARN_UNUSED_FUNCTION = YES;
				GCC_WARN_UNUSED_VARIABLE = YES;
				IPHONEOS_DEPLOYMENT_TARGET = 9.3;
				MTL_ENABLE_DEBUG_INFO = YES;
				ONLY_ACTIVE_ARCH = YES;
				SDKROOT = iphoneos;
				SWIFT_OPTIMIZATION_LEVEL = "-Onone";
			};
			name = Debug;
		};
		967A175D1D7C5BC9007652CF /* Release */ = {
			isa = XCBuildConfiguration;
			buildSettings = {
				ALWAYS_SEARCH_USER_PATHS = NO;
				CLANG_ANALYZER_NONNULL = YES;
				CLANG_CXX_LANGUAGE_STANDARD = "gnu++0x";
				CLANG_CXX_LIBRARY = "libc++";
				CLANG_ENABLE_MODULES = YES;
				CLANG_ENABLE_OBJC_ARC = YES;
				CLANG_WARN_BOOL_CONVERSION = YES;
				CLANG_WARN_CONSTANT_CONVERSION = YES;
				CLANG_WARN_DIRECT_OBJC_ISA_USAGE = YES_ERROR;
				CLANG_WARN_EMPTY_BODY = YES;
				CLANG_WARN_ENUM_CONVERSION = YES;
				CLANG_WARN_INT_CONVERSION = YES;
				CLANG_WARN_OBJC_ROOT_CLASS = YES_ERROR;
				CLANG_WARN_UNREACHABLE_CODE = YES;
				CLANG_WARN__DUPLICATE_METHOD_MATCH = YES;
				"CODE_SIGN_IDENTITY[sdk=iphoneos*]" = "iPhone Developer";
				COPY_PHASE_STRIP = NO;
				DEBUG_INFORMATION_FORMAT = "dwarf-with-dsym";
				ENABLE_NS_ASSERTIONS = NO;
				ENABLE_STRICT_OBJC_MSGSEND = YES;
				GCC_C_LANGUAGE_STANDARD = gnu99;
				GCC_NO_COMMON_BLOCKS = YES;
				GCC_WARN_64_TO_32_BIT_CONVERSION = YES;
				GCC_WARN_ABOUT_RETURN_TYPE = YES_ERROR;
				GCC_WARN_UNDECLARED_SELECTOR = YES;
				GCC_WARN_UNINITIALIZED_AUTOS = YES_AGGRESSIVE;
				GCC_WARN_UNUSED_FUNCTION = YES;
				GCC_WARN_UNUSED_VARIABLE = YES;
				IPHONEOS_DEPLOYMENT_TARGET = 9.3;
				MTL_ENABLE_DEBUG_INFO = NO;
				SDKROOT = iphoneos;
				VALIDATE_PRODUCT = YES;
			};
			name = Release;
		};
		967A175F1D7C5BC9007652CF /* Debug */ = {
			isa = XCBuildConfiguration;
			buildSettings = {
				ASSETCATALOG_COMPILER_APPICON_NAME = AppIcon;
				INFOPLIST_FILE = CoreDataMultiDBMigration/Info.plist;
				LD_RUNPATH_SEARCH_PATHS = "$(inherited) @executable_path/Frameworks";
				PRODUCT_BUNDLE_IDENTIFIER = autodesk.CoreDataMultiDBMigration;
				PRODUCT_NAME = "$(TARGET_NAME)";
			};
			name = Debug;
		};
		967A17601D7C5BC9007652CF /* Release */ = {
			isa = XCBuildConfiguration;
			buildSettings = {
				ASSETCATALOG_COMPILER_APPICON_NAME = AppIcon;
				INFOPLIST_FILE = CoreDataMultiDBMigration/Info.plist;
				LD_RUNPATH_SEARCH_PATHS = "$(inherited) @executable_path/Frameworks";
				PRODUCT_BUNDLE_IDENTIFIER = autodesk.CoreDataMultiDBMigration;
				PRODUCT_NAME = "$(TARGET_NAME)";
			};
			name = Release;
		};
		967A17621D7C5BC9007652CF /* Debug */ = {
			isa = XCBuildConfiguration;
			buildSettings = {
				BUNDLE_LOADER = "$(TEST_HOST)";
				INFOPLIST_FILE = CoreDataMultiDBMigrationTests/Info.plist;
				LD_RUNPATH_SEARCH_PATHS = "$(inherited) @executable_path/Frameworks @loader_path/Frameworks";
				PRODUCT_BUNDLE_IDENTIFIER = autodesk.CoreDataMultiDBMigrationTests;
				PRODUCT_NAME = "$(TARGET_NAME)";
				TEST_HOST = "$(BUILT_PRODUCTS_DIR)/CoreDataMultiDBMigration.app/CoreDataMultiDBMigration";
			};
			name = Debug;
		};
		967A17631D7C5BC9007652CF /* Release */ = {
			isa = XCBuildConfiguration;
			buildSettings = {
				BUNDLE_LOADER = "$(TEST_HOST)";
				INFOPLIST_FILE = CoreDataMultiDBMigrationTests/Info.plist;
				LD_RUNPATH_SEARCH_PATHS = "$(inherited) @executable_path/Frameworks @loader_path/Frameworks";
				PRODUCT_BUNDLE_IDENTIFIER = autodesk.CoreDataMultiDBMigrationTests;
				PRODUCT_NAME = "$(TARGET_NAME)";
				TEST_HOST = "$(BUILT_PRODUCTS_DIR)/CoreDataMultiDBMigration.app/CoreDataMultiDBMigration";
			};
			name = Release;
		};
		967A176C1D7C5F4B007652CF /* Debug */ = {
			isa = XCBuildConfiguration;
			buildSettings = {
				PRODUCT_NAME = "$(TARGET_NAME)";
			};
			name = Debug;
		};
		967A176D1D7C5F4B007652CF /* Release */ = {
			isa = XCBuildConfiguration;
			buildSettings = {
				PRODUCT_NAME = "$(TARGET_NAME)";
			};
			name = Release;
		};
/* End XCBuildConfiguration section */

/* Begin XCConfigurationList section */
		967A173C1D7C5BC9007652CF /* Build configuration list for PBXProject "CoreDataMultiDBMigration" */ = {
			isa = XCConfigurationList;
			buildConfigurations = (
				967A175C1D7C5BC9007652CF /* Debug */,
				967A175D1D7C5BC9007652CF /* Release */,
			);
			defaultConfigurationIsVisible = 0;
			defaultConfigurationName = Release;
		};
		967A175E1D7C5BC9007652CF /* Build configuration list for PBXNativeTarget "CoreDataMultiDBMigration" */ = {
			isa = XCConfigurationList;
			buildConfigurations = (
				967A175F1D7C5BC9007652CF /* Debug */,
				967A17601D7C5BC9007652CF /* Release */,
			);
			defaultConfigurationIsVisible = 0;
			defaultConfigurationName = Release;
		};
		967A17611D7C5BC9007652CF /* Build configuration list for PBXNativeTarget "CoreDataMultiDBMigrationTests" */ = {
			isa = XCConfigurationList;
			buildConfigurations = (
				967A17621D7C5BC9007652CF /* Debug */,
				967A17631D7C5BC9007652CF /* Release */,
			);
			defaultConfigurationIsVisible = 0;
			defaultConfigurationName = Release;
		};
		967A176B1D7C5F4B007652CF /* Build configuration list for PBXAggregateTarget "mogenerator" */ = {
			isa = XCConfigurationList;
			buildConfigurations = (
				967A176C1D7C5F4B007652CF /* Debug */,
				967A176D1D7C5F4B007652CF /* Release */,
			);
			defaultConfigurationIsVisible = 0;
			defaultConfigurationName = Release;
		};
/* End XCConfigurationList section */

/* Begin XCVersionGroup section */
		967A17921D7C69EF007652CF /* Server.xcdatamodeld */ = {
			isa = XCVersionGroup;
			children = (
				96A897781D7F1842006B5A32 /* Server_V1.xcdatamodel */,
				967A17931D7C69EF007652CF /* Server.xcdatamodel */,
			);
			currentVersion = 96A897781D7F1842006B5A32 /* Server_V1.xcdatamodel */;
			path = Server.xcdatamodeld;
			sourceTree = "<group>";
			versionGroupType = wrapper.xcdatamodel;
		};
		968D07F41D7DB83A002480F2 /* Local.xcdatamodeld */ = {
			isa = XCVersionGroup;
			children = (
				96A897791D7F191E006B5A32 /* Local_V1.xcdatamodel */,
				968D07F51D7DB83A002480F2 /* Local.xcdatamodel */,
			);
			currentVersion = 96A897791D7F191E006B5A32 /* Local_V1.xcdatamodel */;
			path = Local.xcdatamodeld;
			sourceTree = "<group>";
			versionGroupType = wrapper.xcdatamodel;
		};
/* End XCVersionGroup section */
	};
	rootObject = 967A17391D7C5BC9007652CF /* Project object */;
}
